Microsoft Visual Studio Solution File, Format Version 11.00
# Visual Studio 2008

Project("{84CB313E-6AAF-9ECC-2FBC-84AD3A9F4739}") = "Commuters", "Assembly-CSharp-vs.csproj", "{60F1E506-AA48-ABD1-D049-8B6DD40C7A49}"
EndProject
Project("{84CB313E-6AAF-9ECC-2FBC-84AD3A9F4739}") = "Commuters", "Assembly-CSharp-Editor-vs.csproj", "{E42E3545-E787-7027-45DB-F1F910C86385}"
EndProject
Global
	GlobalSection(SolutionConfigurationPlatforms) = preSolution
		Debug|Any CPU = Debug|Any CPU
		Release|Any CPU = Release|Any CPU
	EndGlobalSection
	GlobalSection(ProjectConfigurationPlatforms) = postSolution
		{60F1E506-AA48-ABD1-D049-8B6DD40C7A49}.Debug|Any CPU.ActiveCfg = Debug|Any CPU
		{60F1E506-AA48-ABD1-D049-8B6DD40C7A49}.Debug|Any CPU.Build.0 = Debug|Any CPU
		{60F1E506-AA48-ABD1-D049-8B6DD40C7A49}.Release|Any CPU.ActiveCfg = Release|Any CPU
		{60F1E506-AA48-ABD1-D049-8B6DD40C7A49}.Release|Any CPU.Build.0 = Release|Any CPU
		{E42E3545-E787-7027-45DB-F1F910C86385}.Debug|Any CPU.ActiveCfg = Debug|Any CPU
		{E42E3545-E787-7027-45DB-F1F910C86385}.Debug|Any CPU.Build.0 = Debug|Any CPU
		{E42E3545-E787-7027-45DB-F1F910C86385}.Release|Any CPU.ActiveCfg = Release|Any CPU
		{E42E3545-E787-7027-45DB-F1F910C86385}.Release|Any CPU.Build.0 = Release|Any CPU
	EndGlobalSection
	GlobalSection(SolutionProperties) = preSolution
		HideSolutionNode = FALSE
	EndGlobalSection
																																																																																				GlobalSection(MonoDevelopProperties) = preSolution
=======
																																																																															GlobalSection(MonoDevelopProperties) = preSolution
>>>>>>> 931dcb7c198d379af9d3f524526ebf9f2b0b2eb5
=======
																																																												GlobalSection(MonoDevelopProperties) = preSolution
>>>>>>> 7e593b15999dd91764a8871461b9cfe994c2c15e
		StartupItem = Assembly-CSharp.csproj
		Policies = $0
		$0.TextStylePolicy = $1
		$1.inheritsSet = null
		$1.scope = text/x-csharp
		$0.CSharpFormattingPolicy = $2
		$2.inheritsSet = Mono
		$2.inheritsScope = text/x-csharp
		$2.scope = text/x-csharp
		$0.TextStylePolicy = $3
		$3.FileWidth = 120
		$3.TabWidth = 4
		$3.EolMarker = Unix
		$3.inheritsSet = Mono
		$3.inheritsScope = text/plain
		$3.scope = text/plain
	EndGlobalSection

EndGlobal
